
Microsoft Visual Studio Solution File, Format Version 12.00
# Visual Studio Version 17
VisualStudioVersion = 17.10.35027.167
MinimumVisualStudioVersion = 10.0.40219.1
Project("{FAE04EC0-301F-11D3-BF4B-00C04F79EFBC}") = "ExerciseFileStream", "ExerciseFileStream.csproj", "{61F1DE19-BA04-4933-BFEA-712F1D1C041E}"
EndProject
Global
	GlobalSection(SolutionConfigurationPlatforms) = preSolution
		Debug|Any CPU = Debug|Any CPU
		Release|Any CPU = Release|Any CPU
	EndGlobalSection
	GlobalSection(ProjectConfigurationPlatforms) = postSolution
		{61F1DE19-BA04-4933-BFEA-712F1D1C041E}.Debug|Any CPU.ActiveCfg = Debug|Any CPU
		{61F1DE19-BA04-4933-BFEA-712F1D1C041E}.Debug|Any CPU.Build.0 = Debug|Any CPU
		{61F1DE19-BA04-4933-BFEA-712F1D1C041E}.Release|Any CPU.ActiveCfg = Release|Any CPU
		{61F1DE19-BA04-4933-BFEA-712F1D1C041E}.Release|Any CPU.Build.0 = Release|Any CPU
	EndGlobalSection
	GlobalSection(SolutionProperties) = preSolution
		HideSolutionNode = FALSE
	EndGlobalSection
	GlobalSection(ExtensibilityGlobals) = postSolution
		SolutionGuid = {EDA7ED4F-B868-44C8-BE6B-344AC0E774E3}
	EndGlobalSection
EndGlobal
